// !$*UTF8*$!
{
	archiveVersion = 1;
	classes = {
	};
	objectVersion = 50;
	objects = {

/* Begin PBXBuildFile section */
		DF186E402549E5A80098F5BC /* main.swift in Sources */ = {isa = PBXBuildFile; fileRef = DF186E3F2549E5A80098F5BC /* main.swift */; };
		DF186E4A2549E5E30098F5BC /* Spieltag.swift in Sources */ = {isa = PBXBuildFile; fileRef = DF186E472549E5E30098F5BC /* Spieltag.swift */; };
		DF186E4B2549E5E30098F5BC /* MyXMLParser.swift in Sources */ = {isa = PBXBuildFile; fileRef = DF186E482549E5E30098F5BC /* MyXMLParser.swift */; };
/* End PBXBuildFile section */

/* Begin PBXCopyFilesBuildPhase section */
		DF186E3A2549E5A80098F5BC /* CopyFiles */ = {
			isa = PBXCopyFilesBuildPhase;
			buildActionMask = 2147483647;
			dstPath = /usr/share/man/man1/;
			dstSubfolderSpec = 0;
			files = (
			);
			runOnlyForDeploymentPostprocessing = 1;
		};
/* End PBXCopyFilesBuildPhase section */

/* Begin PBXFileReference section */
		DF186E3C2549E5A80098F5BC /* diabyArmyParser */ = {isa = PBXFileReference; explicitFileType = "compiled.mach-o.executable"; includeInIndex = 0; path = diabyArmyParser; sourceTree = BUILT_PRODUCTS_DIR; };
		DF186E3F2549E5A80098F5BC /* main.swift */ = {isa = PBXFileReference; lastKnownFileType = sourcecode.swift; path = main.swift; sourceTree = "<group>"; };
		DF186E472549E5E30098F5BC /* Spieltag.swift */ = {isa = PBXFileReference; fileEncoding = 4; lastKnownFileType = sourcecode.swift; path = Spieltag.swift; sourceTree = "<group>"; };
		DF186E482549E5E30098F5BC /* MyXMLParser.swift */ = {isa = PBXFileReference; fileEncoding = 4; lastKnownFileType = sourcecode.swift; path = MyXMLParser.swift; sourceTree = "<group>"; };
		DF186E4F2549E62A0098F5BC /* sp05.xml */ = {isa = PBXFileReference; fileEncoding = 4; lastKnownFileType = text.xml; path = sp05.xml; sourceTree = "<group>"; };
		DF18EF18257BB3EC0055CFC4 /* sp10.xml */ = {isa = PBXFileReference; fileEncoding = 4; lastKnownFileType = text.xml; path = sp10.xml; sourceTree = "<group>"; };
		DF3BF7D52572DC6B009F16A3 /* sp09.xml */ = {isa = PBXFileReference; lastKnownFileType = text.xml; path = sp09.xml; sourceTree = "<group>"; };
		DF3E3DB3254F53D100149290 /* sp01.xml */ = {isa = PBXFileReference; fileEncoding = 4; lastKnownFileType = text.xml; path = sp01.xml; sourceTree = "<group>"; };
		DF3E3DB4254F53D200149290 /* sp03.xml */ = {isa = PBXFileReference; fileEncoding = 4; lastKnownFileType = text.xml; path = sp03.xml; sourceTree = "<group>"; };
		DF3E3DB5254F53D200149290 /* sp02.xml */ = {isa = PBXFileReference; fileEncoding = 4; lastKnownFileType = text.xml; path = sp02.xml; sourceTree = "<group>"; };
		DF3E3DB6254F53D200149290 /* sp06.xml */ = {isa = PBXFileReference; fileEncoding = 4; lastKnownFileType = text.xml; path = sp06.xml; sourceTree = "<group>"; };
		DF3E3DB7254F53D200149290 /* sp04.xml */ = {isa = PBXFileReference; fileEncoding = 4; lastKnownFileType = text.xml; path = sp04.xml; sourceTree = "<group>"; };
		DF45FAA925855824000C2ED5 /* sp11.xml */ = {isa = PBXFileReference; fileEncoding = 4; lastKnownFileType = text.xml; path = sp11.xml; sourceTree = "<group>"; };
		DF7325462569851500D8F475 /* sp08.xml */ = {isa = PBXFileReference; lastKnownFileType = text.xml; path = sp08.xml; sourceTree = "<group>"; };
		DF976BCD25569DCA00E273F1 /* sp07.xml */ = {isa = PBXFileReference; lastKnownFileType = text.xml; path = sp07.xml; sourceTree = "<group>"; };
/* End PBXFileReference section */

/* Begin PBXFrameworksBuildPhase section */
		DF186E392549E5A80098F5BC /* Frameworks */ = {
			isa = PBXFrameworksBuildPhase;
			buildActionMask = 2147483647;
			files = (
			);
			runOnlyForDeploymentPostprocessing = 0;
		};
/* End PBXFrameworksBuildPhase section */

/* Begin PBXGroup section */
		DF186E332549E5A80098F5BC = {
			isa = PBXGroup;
			children = (
				DF186E3E2549E5A80098F5BC /* diabyArmyParser */,
				DF186E3D2549E5A80098F5BC /* Products */,
			);
			sourceTree = "<group>";
		};
		DF186E3D2549E5A80098F5BC /* Products */ = {
			isa = PBXGroup;
			children = (
				DF186E3C2549E5A80098F5BC /* diabyArmyParser */,
			);
			name = Products;
			sourceTree = "<group>";
		};
		DF186E3E2549E5A80098F5BC /* diabyArmyParser */ = {
			isa = PBXGroup;
			children = (
				DF186E472549E5E30098F5BC /* Spieltag.swift */,
				DF186E482549E5E30098F5BC /* MyXMLParser.swift */,
				DF186E4E2549E6160098F5BC /* Resources */,
				DF186E3F2549E5A80098F5BC /* main.swift */,
			);
			path = diabyArmyParser;
			sourceTree = "<group>";
		};
		DF186E4E2549E6160098F5BC /* Resources */ = {
			isa = PBXGroup;
			children = (
				DF3E3DB3254F53D100149290 /* sp01.xml */,
				DF3E3DB5254F53D200149290 /* sp02.xml */,
				DF3E3DB4254F53D200149290 /* sp03.xml */,
				DF3E3DB7254F53D200149290 /* sp04.xml */,
				DF186E4F2549E62A0098F5BC /* sp05.xml */,
				DF3E3DB6254F53D200149290 /* sp06.xml */,
				DF976BCD25569DCA00E273F1 /* sp07.xml */,
				DF7325462569851500D8F475 /* sp08.xml */,
				DF3BF7D52572DC6B009F16A3 /* sp09.xml */,
				DF18EF18257BB3EC0055CFC4 /* sp10.xml */,
				DF45FAA925855824000C2ED5 /* sp11.xml */,
			);
			path = Resources;
			sourceTree = "<group>";
		};
/* End PBXGroup section */

/* Begin PBXNativeTarget section */
		DF186E3B2549E5A80098F5BC /* diabyArmyParser */ = {
			isa = PBXNativeTarget;
			buildConfigurationList = DF186E432549E5A80098F5BC /* Build configuration list for PBXNativeTarget "diabyArmyParser" */;
			buildPhases = (
				DF186E382549E5A80098F5BC /* Sources */,
				DF186E392549E5A80098F5BC /* Frameworks */,
				DF186E3A2549E5A80098F5BC /* CopyFiles */,
			);
			buildRules = (
			);
			dependencies = (
			);
			name = diabyArmyParser;
			productName = diabyArmyParser;
			productReference = DF186E3C2549E5A80098F5BC /* diabyArmyParser */;
			productType = "com.apple.product-type.tool";
		};
/* End PBXNativeTarget section */

/* Begin PBXProject section */
		DF186E342549E5A80098F5BC /* Project object */ = {
			isa = PBXProject;
			attributes = {
				LastSwiftUpdateCheck = 1210;
				LastUpgradeCheck = 1210;
				TargetAttributes = {
					DF186E3B2549E5A80098F5BC = {
						CreatedOnToolsVersion = 12.1;
					};
				};
			};
			buildConfigurationList = DF186E372549E5A80098F5BC /* Build configuration list for PBXProject "diabyArmyParser" */;
			compatibilityVersion = "Xcode 9.3";
			developmentRegion = en;
			hasScannedForEncodings = 0;
			knownRegions = (
				en,
				Base,
			);
			mainGroup = DF186E332549E5A80098F5BC;
			productRefGroup = DF186E3D2549E5A80098F5BC /* Products */;
			projectDirPath = "";
			projectRoot = "";
			targets = (
				DF186E3B2549E5A80098F5BC /* diabyArmyParser */,
			);
		};
/* End PBXProject section */

/* Begin PBXSourcesBuildPhase section */
		DF186E382549E5A80098F5BC /* Sources */ = {
			isa = PBXSourcesBuildPhase;
			buildActionMask = 2147483647;
			files = (
				DF186E4A2549E5E30098F5BC /* Spieltag.swift in Sources */,
				DF186E402549E5A80098F5BC /* main.swift in Sources */,
				DF186E4B2549E5E30098F5BC /* MyXMLParser.swift in Sources */,
			);
			runOnlyForDeploymentPostprocessing = 0;
		};
/* End PBXSourcesBuildPhase section */

/* Begin XCBuildConfiguration section */
		DF186E412549E5A80098F5BC /* Debug */ = {
			isa = XCBuildConfiguration;
			buildSettings = {
				ALWAYS_SEARCH_USER_PATHS = NO;
				CLANG_ANALYZER_NONNULL = YES;
				CLANG_ANALYZER_NUMBER_OBJECT_CONVERSION = YES_AGGRESSIVE;
				CLANG_CXX_LANGUAGE_STANDARD = "gnu++14";
				CLANG_CXX_LIBRARY = "libc++";
				CLANG_ENABLE_MODULES = YES;
				CLANG_ENABLE_OBJC_ARC = YES;
				CLANG_ENABLE_OBJC_WEAK = YES;
				CLANG_WARN_BLOCK_CAPTURE_AUTORELEASING = YES;
				CLANG_WARN_BOOL_CONVERSION = YES;
				CLANG_WARN_COMMA = YES;
				CLANG_WARN_CONSTANT_CONVERSION = YES;
				CLANG_WARN_DEPRECATED_OBJC_IMPLEMENTATIONS = YES;
				CLANG_WARN_DIRECT_OBJC_ISA_USAGE = YES_ERROR;
				CLANG_WARN_DOCUMENTATION_COMMENTS = YES;
				CLANG_WARN_EMPTY_BODY = YES;
				CLANG_WARN_ENUM_CONVERSION = YES;
				CLANG_WARN_INFINITE_RECURSION = YES;
				CLANG_WARN_INT_CONVERSION = YES;
				CLANG_WARN_NON_LITERAL_NULL_CONVERSION = YES;
				CLANG_WARN_OBJC_IMPLICIT_RETAIN_SELF = YES;
				CLANG_WARN_OBJC_LITERAL_CONVERSION = YES;
				CLANG_WARN_OBJC_ROOT_CLASS = YES_ERROR;
				CLANG_WARN_QUOTED_INCLUDE_IN_FRAMEWORK_HEADER = YES;
				CLANG_WARN_RANGE_LOOP_ANALYSIS = YES;
				CLANG_WARN_STRICT_PROTOTYPES = YES;
				CLANG_WARN_SUSPICIOUS_MOVE = YES;
				CLANG_WARN_UNGUARDED_AVAILABILITY = YES_AGGRESSIVE;
				CLANG_WARN_UNREACHABLE_CODE = YES;
				CLANG_WARN__DUPLICATE_METHOD_MATCH = YES;
				COPY_PHASE_STRIP = NO;
				DEBUG_INFORMATION_FORMAT = dwarf;
				ENABLE_STRICT_OBJC_MSGSEND = YES;
				ENABLE_TESTABILITY = YES;
				GCC_C_LANGUAGE_STANDARD = gnu11;
				GCC_DYNAMIC_NO_PIC = NO;
				GCC_NO_COMMON_BLOCKS = YES;
				GCC_OPTIMIZATION_LEVEL = 0;
				GCC_PREPROCESSOR_DEFINITIONS = (
					"DEBUG=1",
					"$(inherited)",
				);
				GCC_WARN_64_TO_32_BIT_CONVERSION = YES;
				GCC_WARN_ABOUT_RETURN_TYPE = YES_ERROR;
				GCC_WARN_UNDECLARED_SELECTOR = YES;
				GCC_WARN_UNINITIALIZED_AUTOS = YES_AGGRESSIVE;
				GCC_WARN_UNUSED_FUNCTION = YES;
				GCC_WARN_UNUSED_VARIABLE = YES;
				MACOSX_DEPLOYMENT_TARGET = 10.15;
				MTL_ENABLE_DEBUG_INFO = INCLUDE_SOURCE;
				MTL_FAST_MATH = YES;
				ONLY_ACTIVE_ARCH = YES;
				SDKROOT = macosx;
				SWIFT_ACTIVE_COMPILATION_CONDITIONS = DEBUG;
				SWIFT_OPTIMIZATION_LEVEL = "-Onone";
			};
			name = Debug;
		};
		DF186E422549E5A80098F5BC /* Release */ = {
			isa = XCBuildConfiguration;
			buildSettings = {
				ALWAYS_SEARCH_USER_PATHS = NO;
				CLANG_ANALYZER_NONNULL = YES;
				CLANG_ANALYZER_NUMBER_OBJECT_CONVERSION = YES_AGGRESSIVE;
				CLANG_CXX_LANGUAGE_STANDARD = "gnu++14";
				CLANG_CXX_LIBRARY = "libc++";
				CLANG_ENABLE_MODULES = YES;
				CLANG_ENABLE_OBJC_ARC = YES;
				CLANG_ENABLE_OBJC_WEAK = YES;
				CLANG_WARN_BLOCK_CAPTURE_AUTORELEASING = YES;
				CLANG_WARN_BOOL_CONVERSION = YES;
				CLANG_WARN_COMMA = YES;
				CLANG_WARN_CONSTANT_CONVERSION = YES;
				CLANG_WARN_DEPRECATED_OBJC_IMPLEMENTATIONS = YES;
				CLANG_WARN_DIRECT_OBJC_ISA_USAGE = YES_ERROR;
				CLANG_WARN_DOCUMENTATION_COMMENTS = YES;
				CLANG_WARN_EMPTY_BODY = YES;
				CLANG_WARN_ENUM_CONVERSION = YES;
				CLANG_WARN_INFINITE_RECURSION = YES;
				CLANG_WARN_INT_CONVERSION = YES;
				CLANG_WARN_NON_LITERAL_NULL_CONVERSION = YES;
				CLANG_WARN_OBJC_IMPLICIT_RETAIN_SELF = YES;
				CLANG_WARN_OBJC_LITERAL_CONVERSION = YES;
				CLANG_WARN_OBJC_ROOT_CLASS = YES_ERROR;
				CLANG_WARN_QUOTED_INCLUDE_IN_FRAMEWORK_HEADER = YES;
				CLANG_WARN_RANGE_LOOP_ANALYSIS = YES;
				CLANG_WARN_STRICT_PROTOTYPES = YES;
				CLANG_WARN_SUSPICIOUS_MOVE = YES;
				CLANG_WARN_UNGUARDED_AVAILABILITY = YES_AGGRESSIVE;
				CLANG_WARN_UNREACHABLE_CODE = YES;
				CLANG_WARN__DUPLICATE_METHOD_MATCH = YES;
				COPY_PHASE_STRIP = NO;
				DEBUG_INFORMATION_FORMAT = "dwarf-with-dsym";
				ENABLE_NS_ASSERTIONS = NO;
				ENABLE_STRICT_OBJC_MSGSEND = YES;
				GCC_C_LANGUAGE_STANDARD = gnu11;
				GCC_NO_COMMON_BLOCKS = YES;
				GCC_WARN_64_TO_32_BIT_CONVERSION = YES;
				GCC_WARN_ABOUT_RETURN_TYPE = YES_ERROR;
				GCC_WARN_UNDECLARED_SELECTOR = YES;
				GCC_WARN_UNINITIALIZED_AUTOS = YES_AGGRESSIVE;
				GCC_WARN_UNUSED_FUNCTION = YES;
				GCC_WARN_UNUSED_VARIABLE = YES;
				MACOSX_DEPLOYMENT_TARGET = 10.15;
				MTL_ENABLE_DEBUG_INFO = NO;
				MTL_FAST_MATH = YES;
				SDKROOT = macosx;
				SWIFT_COMPILATION_MODE = wholemodule;
				SWIFT_OPTIMIZATION_LEVEL = "-O";
			};
			name = Release;
		};
		DF186E442549E5A80098F5BC /* Debug */ = {
			isa = XCBuildConfiguration;
			buildSettings = {
				CODE_SIGN_STYLE = Automatic;
				DEVELOPMENT_TEAM = MPTGM3LB78;
				ENABLE_HARDENED_RUNTIME = YES;
				PRODUCT_NAME = "$(TARGET_NAME)";
				SWIFT_VERSION = 5.0;
			};
			name = Debug;
		};
		DF186E452549E5A80098F5BC /* Release */ = {
			isa = XCBuildConfiguration;
			buildSettings = {
				CODE_SIGN_STYLE = Automatic;
				DEVELOPMENT_TEAM = MPTGM3LB78;
				ENABLE_HARDENED_RUNTIME = YES;
				PRODUCT_NAME = "$(TARGET_NAME)";
				SWIFT_VERSION = 5.0;
			};
			name = Release;
		};
/* End XCBuildConfiguration section */

/* Begin XCConfigurationList section */
		DF186E372549E5A80098F5BC /* Build configuration list for PBXProject "diabyArmyParser" */ = {
			isa = XCConfigurationList;
			buildConfigurations = (
				DF186E412549E5A80098F5BC /* Debug */,
				DF186E422549E5A80098F5BC /* Release */,
			);
			defaultConfigurationIsVisible = 0;
			defaultConfigurationName = Release;
		};
		DF186E432549E5A80098F5BC /* Build configuration list for PBXNativeTarget "diabyArmyParser" */ = {
			isa = XCConfigurationList;
			buildConfigurations = (
				DF186E442549E5A80098F5BC /* Debug */,
				DF186E452549E5A80098F5BC /* Release */,
			);
			defaultConfigurationIsVisible = 0;
			defaultConfigurationName = Release;
		};
/* End XCConfigurationList section */
	};
	rootObject = DF186E342549E5A80098F5BC /* Project object */;
}
